// !$*UTF8*$!
{
	archiveVersion = 1;
	classes = {
	};
	objectVersion = 46;
	objects = {

/* Begin PBXBuildFile section */
		319BE5671C614C0B001F0067 /* main.m in Sources */ = {isa = PBXBuildFile; fileRef = 319BE5661C614C0B001F0067 /* main.m */; };
		31CE29741C64571D006E35D0 /* AnagramPrecesser.m in Sources */ = {isa = PBXBuildFile; fileRef = 31CE29731C64571D006E35D0 /* AnagramPrecesser.m */; };
/* End PBXBuildFile section */

/* Begin PBXCopyFilesBuildPhase section */
		319BE5611C614C0B001F0067 /* CopyFiles */ = {
			isa = PBXCopyFilesBuildPhase;
			buildActionMask = 2147483647;
			dstPath = /usr/share/man/man1/;
			dstSubfolderSpec = 0;
			files = (
			);
			runOnlyForDeploymentPostprocessing = 1;
		};
/* End PBXCopyFilesBuildPhase section */

/* Begin PBXFileReference section */
		319BE5631C614C0B001F0067 /* asgt2 */ = {isa = PBXFileReference; explicitFileType = "compiled.mach-o.executable"; includeInIndex = 0; path = asgt2; sourceTree = BUILT_PRODUCTS_DIR; };
		319BE5661C614C0B001F0067 /* main.m */ = {isa = PBXFileReference; lastKnownFileType = sourcecode.c.objc; path = main.m; sourceTree = "<group>"; };
		319BE56D1C617018001F0067 /* word */ = {isa = PBXFileReference; fileEncoding = 4; lastKnownFileType = text; path = word; sourceTree = "<group>"; };
		319BE56E1C617E2C001F0067 /* words */ = {isa = PBXFileReference; fileEncoding = 4; lastKnownFileType = text; path = words; sourceTree = "<group>"; };
		31CE29721C6456D0006E35D0 /* AnagramPrecesser.h */ = {isa = PBXFileReference; lastKnownFileType = sourcecode.c.h; path = AnagramPrecesser.h; sourceTree = "<group>"; };
		31CE29731C64571D006E35D0 /* AnagramPrecesser.m */ = {isa = PBXFileReference; fileEncoding = 4; lastKnownFileType = sourcecode.c.objc; path = AnagramPrecesser.m; sourceTree = "<group>"; };
/* End PBXFileReference section */

/* Begin PBXFrameworksBuildPhase section */
		319BE5601C614C0B001F0067 /* Frameworks */ = {
			isa = PBXFrameworksBuildPhase;
			buildActionMask = 2147483647;
			files = (
			);
			runOnlyForDeploymentPostprocessing = 0;
		};
/* End PBXFrameworksBuildPhase section */

/* Begin PBXGroup section */
		319BE55A1C614C0B001F0067 = {
			isa = PBXGroup;
			children = (
				319BE5651C614C0B001F0067 /* asgt2 */,
				319BE5641C614C0B001F0067 /* Products */,
			);
			sourceTree = "<group>";
		};
		319BE5641C614C0B001F0067 /* Products */ = {
			isa = PBXGroup;
			children = (
				319BE5631C614C0B001F0067 /* asgt2 */,
			);
			name = Products;
			sourceTree = "<group>";
		};
		319BE5651C614C0B001F0067 /* asgt2 */ = {
			isa = PBXGroup;
			children = (
				319BE56E1C617E2C001F0067 /* words */,
				319BE56D1C617018001F0067 /* word */,
				319BE5661C614C0B001F0067 /* main.m */,
				31CE29721C6456D0006E35D0 /* AnagramPrecesser.h */,
				31CE29731C64571D006E35D0 /* AnagramPrecesser.m */,
			);
			path = asgt2;
			sourceTree = "<group>";
		};
/* End PBXGroup section */

/* Begin PBXNativeTarget section */
		319BE5621C614C0B001F0067 /* asgt2 */ = {
			isa = PBXNativeTarget;
			buildConfigurationList = 319BE56A1C614C0B001F0067 /* Build configuration list for PBXNativeTarget "asgt2" */;
			buildPhases = (
				319BE55F1C614C0B001F0067 /* Sources */,
				319BE5601C614C0B001F0067 /* Frameworks */,
				319BE5611C614C0B001F0067 /* CopyFiles */,
			);
			buildRules = (
			);
			dependencies = (
			);
			name = asgt2;
			productName = asgt2;
			productReference = 319BE5631C614C0B001F0067 /* asgt2 */;
			productType = "com.apple.product-type.tool";
		};
/* End PBXNativeTarget section */

/* Begin PBXProject section */
		319BE55B1C614C0B001F0067 /* Project object */ = {
			isa = PBXProject;
			attributes = {
				LastUpgradeCheck = 0720;
				ORGANIZATIONNAME = leweny;
				TargetAttributes = {
					319BE5621C614C0B001F0067 = {
						CreatedOnToolsVersion = 7.2;
					};
				};
			};
			buildConfigurationList = 319BE55E1C614C0B001F0067 /* Build configuration list for PBXProject "asgt2" */;
			compatibilityVersion = "Xcode 3.2";
			developmentRegion = English;
			hasScannedForEncodings = 0;
			knownRegions = (
				en,
			);
			mainGroup = 319BE55A1C614C0B001F0067;
			productRefGroup = 319BE5641C614C0B001F0067 /* Products */;
			projectDirPath = "";
			projectRoot = "";
			targets = (
				319BE5621C614C0B001F0067 /* asgt2 */,
			);
		};
/* End PBXProject section */

/* Begin PBXSourcesBuildPhase section */
		319BE55F1C614C0B001F0067 /* Sources */ = {
			isa = PBXSourcesBuildPhase;
			buildActionMask = 2147483647;
			files = (
				31CE29741C64571D006E35D0 /* AnagramPrecesser.m in Sources */,
				319BE5671C614C0B001F0067 /* main.m in Sources */,
			);
			runOnlyForDeploymentPostprocessing = 0;
		};
/* End PBXSourcesBuildPhase section */

/* Begin XCBuildConfiguration section */
		319BE5681C614C0B001F0067 /* Debug */ = {
			isa = XCBuildConfiguration;
			buildSettings = {
				ALWAYS_SEARCH_USER_PATHS = NO;
				CLANG_CXX_LANGUAGE_STANDARD = "gnu++0x";
				CLANG_CXX_LIBRARY = "libc++";
				CLANG_ENABLE_MODULES = YES;
				CLANG_ENABLE_OBJC_ARC = YES;
				CLANG_WARN_BOOL_CONVERSION = YES;
				CLANG_WARN_CONSTANT_CONVERSION = YES;
				CLANG_WARN_DIRECT_OBJC_ISA_USAGE = YES_ERROR;
				CLANG_WARN_EMPTY_BODY = YES;
				CLANG_WARN_ENUM_CONVERSION = YES;
				CLANG_WARN_INT_CONVERSION = YES;
				CLANG_WARN_OBJC_ROOT_CLASS = YES_ERROR;
				CLANG_WARN_UNREACHABLE_CODE = YES;
				CLANG_WARN__DUPLICATE_METHOD_MATCH = YES;
				CODE_SIGN_IDENTITY = "-";
				COPY_PHASE_STRIP = NO;
				DEBUG_INFORMATION_FORMAT = dwarf;
				ENABLE_STRICT_OBJC_MSGSEND = YES;
				ENABLE_TESTABILITY = YES;
				GCC_C_LANGUAGE_STANDARD = gnu99;
				GCC_DYNAMIC_NO_PIC = NO;
				GCC_NO_COMMON_BLOCKS = YES;
				GCC_OPTIMIZATION_LEVEL = 0;
				GCC_PREPROCESSOR_DEFINITIONS = (
					"DEBUG=1",
					"$(inherited)",
				);
				GCC_WARN_64_TO_32_BIT_CONVERSION = YES;
				GCC_WARN_ABOUT_RETURN_TYPE = YES_ERROR;
				GCC_WARN_UNDECLARED_SELECTOR = YES;
				GCC_WARN_UNINITIALIZED_AUTOS = YES_AGGRESSIVE;
				GCC_WARN_UNUSED_FUNCTION = YES;
				GCC_WARN_UNUSED_VARIABLE = YES;
				MACOSX_DEPLOYMENT_TARGET = 10.10;
				MTL_ENABLE_DEBUG_INFO = YES;
				ONLY_ACTIVE_ARCH = YES;
				SDKROOT = macosx;
			};
			name = Debug;
		};
		319BE5691C614C0B001F0067 /* Release */ = {
			isa = XCBuildConfiguration;
			buildSettings = {
				ALWAYS_SEARCH_USER_PATHS = NO;
				CLANG_CXX_LANGUAGE_STANDARD = "gnu++0x";
				CLANG_CXX_LIBRARY = "libc++";
				CLANG_ENABLE_MODULES = YES;
				CLANG_ENABLE_OBJC_ARC = YES;
				CLANG_WARN_BOOL_CONVERSION = YES;
				CLANG_WARN_CONSTANT_CONVERSION = YES;
				CLANG_WARN_DIRECT_OBJC_ISA_USAGE = YES_ERROR;
				CLANG_WARN_EMPTY_BODY = YES;
				CLANG_WARN_ENUM_CONVERSION = YES;
				CLANG_WARN_INT_CONVERSION = YES;
				CLANG_WARN_OBJC_ROOT_CLASS = YES_ERROR;
				CLANG_WARN_UNREACHABLE_CODE = YES;
				CLANG_WARN__DUPLICATE_METHOD_MATCH = YES;
				CODE_SIGN_IDENTITY = "-";
				COPY_PHASE_STRIP = NO;
				DEBUG_INFORMATION_FORMAT = "dwarf-with-dsym";
				ENABLE_NS_ASSERTIONS = NO;
				ENABLE_STRICT_OBJC_MSGSEND = YES;
				GCC_C_LANGUAGE_STANDARD = gnu99;
				GCC_NO_COMMON_BLOCKS = YES;
				GCC_WARN_64_TO_32_BIT_CONVERSION = YES;
				GCC_WARN_ABOUT_RETURN_TYPE = YES_ERROR;
				GCC_WARN_UNDECLARED_SELECTOR = YES;
				GCC_WARN_UNINITIALIZED_AUTOS = YES_AGGRESSIVE;
				GCC_WARN_UNUSED_FUNCTION = YES;
				GCC_WARN_UNUSED_VARIABLE = YES;
				MACOSX_DEPLOYMENT_TARGET = 10.10;
				MTL_ENABLE_DEBUG_INFO = NO;
				SDKROOT = macosx;
			};
			name = Release;
		};
		319BE56B1C614C0B001F0067 /* Debug */ = {
			isa = XCBuildConfiguration;
			buildSettings = {
				PRODUCT_NAME = "$(TARGET_NAME)";
			};
			name = Debug;
		};
		319BE56C1C614C0B001F0067 /* Release */ = {
			isa = XCBuildConfiguration;
			buildSettings = {
				PRODUCT_NAME = "$(TARGET_NAME)";
			};
			name = Release;
		};
/* End XCBuildConfiguration section */

/* Begin XCConfigurationList section */
		319BE55E1C614C0B001F0067 /* Build configuration list for PBXProject "asgt2" */ = {
			isa = XCConfigurationList;
			buildConfigurations = (
				319BE5681C614C0B001F0067 /* Debug */,
				319BE5691C614C0B001F0067 /* Release */,
			);
			defaultConfigurationIsVisible = 0;
			defaultConfigurationName = Release;
		};
		319BE56A1C614C0B001F0067 /* Build configuration list for PBXNativeTarget "asgt2" */ = {
			isa = XCConfigurationList;
			buildConfigurations = (
				319BE56B1C614C0B001F0067 /* Debug */,
				319BE56C1C614C0B001F0067 /* Release */,
			);
			defaultConfigurationIsVisible = 0;
			defaultConfigurationName = Release;
		};
/* End XCConfigurationList section */
	};
	rootObject = 319BE55B1C614C0B001F0067 /* Project object */;
}
